
Microsoft Visual Studio Solution File, Format Version 12.00
# Visual Studio 2012
Project("{FAE04EC0-301F-11D3-BF4B-00C04F79EFBC}") = "TDDBCOsaka", "TDDBCOsaka\TDDBCOsaka.csproj", "{DF427DDA-FD96-48E1-BFE7-EC9AA28B10C1}"
EndProject
Project("{FAE04EC0-301F-11D3-BF4B-00C04F79EFBC}") = "TDDOsakaTest", "TDDOsakaTest\TDDOsakaTest.csproj", "{EF8FB815-8C94-4DA2-9FF1-B684FC8B026D}"
EndProject
Global
	GlobalSection(SolutionConfigurationPlatforms) = preSolution
		Debug|Any CPU = Debug|Any CPU
		Release|Any CPU = Release|Any CPU
	EndGlobalSection
	GlobalSection(ProjectConfigurationPlatforms) = postSolution
		{DF427DDA-FD96-48E1-BFE7-EC9AA28B10C1}.Debug|Any CPU.ActiveCfg = Debug|Any CPU
		{DF427DDA-FD96-48E1-BFE7-EC9AA28B10C1}.Debug|Any CPU.Build.0 = Debug|Any CPU
		{DF427DDA-FD96-48E1-BFE7-EC9AA28B10C1}.Release|Any CPU.ActiveCfg = Release|Any CPU
		{DF427DDA-FD96-48E1-BFE7-EC9AA28B10C1}.Release|Any CPU.Build.0 = Release|Any CPU
		{EF8FB815-8C94-4DA2-9FF1-B684FC8B026D}.Debug|Any CPU.ActiveCfg = Debug|Any CPU
		{EF8FB815-8C94-4DA2-9FF1-B684FC8B026D}.Debug|Any CPU.Build.0 = Debug|Any CPU
		{EF8FB815-8C94-4DA2-9FF1-B684FC8B026D}.Release|Any CPU.ActiveCfg = Release|Any CPU
		{EF8FB815-8C94-4DA2-9FF1-B684FC8B026D}.Release|Any CPU.Build.0 = Release|Any CPU
	EndGlobalSection
	GlobalSection(SolutionProperties) = preSolution
		HideSolutionNode = FALSE
	EndGlobalSection
EndGlobal
